
Microsoft Visual Studio Solution File, Format Version 12.00
# Visual Studio Version 16
VisualStudioVersion = 16.0.30225.117
MinimumVisualStudioVersion = 10.0.40219.1
Project("{FAE04EC0-301F-11D3-BF4B-00C04F79EFBC}") = "Monitoreo Alzheimer", "Monitoreo Alzheimer\Monitoreo Alzheimer.csproj", "{7ABDF9AC-9503-4134-A8F6-CEBCBF0FE5B4}"
EndProject
Project("{FAE04EC0-301F-11D3-BF4B-00C04F79EFBC}") = "Dominio.Repository", "Dominio.Repository\Dominio.Repository.csproj", "{3D647E2B-3FCA-49C5-9573-CD1F6BBC6B52}"
EndProject
Project("{FAE04EC0-301F-11D3-BF4B-00C04F79EFBC}") = "Dominio.Entity", "Dominio.Entity\Dominio.Entity.csproj", "{686B10D6-0385-4BCF-95D9-ACBDA68EE234}"
EndProject
Global
	GlobalSection(SolutionConfigurationPlatforms) = preSolution
		Debug|Any CPU = Debug|Any CPU
		Release|Any CPU = Release|Any CPU
	EndGlobalSection
	GlobalSection(ProjectConfigurationPlatforms) = postSolution
		{7ABDF9AC-9503-4134-A8F6-CEBCBF0FE5B4}.Debug|Any CPU.ActiveCfg = Debug|Any CPU
		{7ABDF9AC-9503-4134-A8F6-CEBCBF0FE5B4}.Debug|Any CPU.Build.0 = Debug|Any CPU
		{7ABDF9AC-9503-4134-A8F6-CEBCBF0FE5B4}.Release|Any CPU.ActiveCfg = Release|Any CPU
		{7ABDF9AC-9503-4134-A8F6-CEBCBF0FE5B4}.Release|Any CPU.Build.0 = Release|Any CPU
		{3D647E2B-3FCA-49C5-9573-CD1F6BBC6B52}.Debug|Any CPU.ActiveCfg = Debug|Any CPU
		{3D647E2B-3FCA-49C5-9573-CD1F6BBC6B52}.Debug|Any CPU.Build.0 = Debug|Any CPU
		{3D647E2B-3FCA-49C5-9573-CD1F6BBC6B52}.Release|Any CPU.ActiveCfg = Release|Any CPU
		{3D647E2B-3FCA-49C5-9573-CD1F6BBC6B52}.Release|Any CPU.Build.0 = Release|Any CPU
		{686B10D6-0385-4BCF-95D9-ACBDA68EE234}.Debug|Any CPU.ActiveCfg = Debug|Any CPU
		{686B10D6-0385-4BCF-95D9-ACBDA68EE234}.Debug|Any CPU.Build.0 = Debug|Any CPU
		{686B10D6-0385-4BCF-95D9-ACBDA68EE234}.Release|Any CPU.ActiveCfg = Release|Any CPU
		{686B10D6-0385-4BCF-95D9-ACBDA68EE234}.Release|Any CPU.Build.0 = Release|Any CPU
	EndGlobalSection
	GlobalSection(SolutionProperties) = preSolution
		HideSolutionNode = FALSE
	EndGlobalSection
	GlobalSection(ExtensibilityGlobals) = postSolution
		SolutionGuid = {EEF085D3-2391-49DA-8278-6177AF405DED}
	EndGlobalSection
EndGlobal
